
Microsoft Visual Studio Solution File, Format Version 12.00
# Visual Studio Version 16
VisualStudioVersion = 16.0.31729.503
MinimumVisualStudioVersion = 10.0.40219.1
Project("{2150E333-8FDC-42A3-9474-1A3956D46DE8}") = "src", "src", "{A8344134-D6B3-4EA2-8818-908B088728B2}"
EndProject
Project("{FAE04EC0-301F-11D3-BF4B-00C04F79EFBC}") = "DemoFP", "DemoFP\DemoFP.csproj", "{13236E74-A987-4EFC-A2D8-40CFC6E8182C}"
EndProject
Global
	GlobalSection(SolutionConfigurationPlatforms) = preSolution
		Debug|Any CPU = Debug|Any CPU
		Release|Any CPU = Release|Any CPU
	EndGlobalSection
	GlobalSection(ProjectConfigurationPlatforms) = postSolution
		{13236E74-A987-4EFC-A2D8-40CFC6E8182C}.Debug|Any CPU.ActiveCfg = Debug|Any CPU
		{13236E74-A987-4EFC-A2D8-40CFC6E8182C}.Debug|Any CPU.Build.0 = Debug|Any CPU
		{13236E74-A987-4EFC-A2D8-40CFC6E8182C}.Release|Any CPU.ActiveCfg = Release|Any CPU
		{13236E74-A987-4EFC-A2D8-40CFC6E8182C}.Release|Any CPU.Build.0 = Release|Any CPU
	EndGlobalSection
	GlobalSection(SolutionProperties) = preSolution
		HideSolutionNode = FALSE
	EndGlobalSection
	GlobalSection(NestedProjects) = preSolution
		{13236E74-A987-4EFC-A2D8-40CFC6E8182C} = {A8344134-D6B3-4EA2-8818-908B088728B2}
	EndGlobalSection
	GlobalSection(ExtensibilityGlobals) = postSolution
		SolutionGuid = {17091467-94AC-4D8F-8B09-41691D59AF8C}
	EndGlobalSection
EndGlobal
